
Microsoft Visual Studio Solution File, Format Version 12.00
# Visual Studio Version 17
VisualStudioVersion = 17.8.34511.84
MinimumVisualStudioVersion = 10.0.40219.1
Project("{FAE04EC0-301F-11D3-BF4B-00C04F79EFBC}") = "TelegramEventBot", "TelegramEventBot\TelegramEventBot.csproj", "{3927D92E-6394-441A-9046-D5AE53DF76C9}"
EndProject
Global
	GlobalSection(SolutionConfigurationPlatforms) = preSolution
		Debug|Any CPU = Debug|Any CPU
		Release|Any CPU = Release|Any CPU
	EndGlobalSection
	GlobalSection(ProjectConfigurationPlatforms) = postSolution
		{3927D92E-6394-441A-9046-D5AE53DF76C9}.Debug|Any CPU.ActiveCfg = Debug|Any CPU
		{3927D92E-6394-441A-9046-D5AE53DF76C9}.Debug|Any CPU.Build.0 = Debug|Any CPU
		{3927D92E-6394-441A-9046-D5AE53DF76C9}.Release|Any CPU.ActiveCfg = Release|Any CPU
		{3927D92E-6394-441A-9046-D5AE53DF76C9}.Release|Any CPU.Build.0 = Release|Any CPU
	EndGlobalSection
	GlobalSection(SolutionProperties) = preSolution
		HideSolutionNode = FALSE
	EndGlobalSection
	GlobalSection(ExtensibilityGlobals) = postSolution
		SolutionGuid = {FAC51592-8EBA-4CA4-AD76-95F25A55AF2E}
	EndGlobalSection
EndGlobal
